<?xml version="1.0" encoding="utf-8"?>
<Project ToolsVersion="4.0" xmlns="http://schemas.microsoft.com/developer/msbuild/2003">
  <ItemGroup>
    <Filter Include="Source Files">
      <UniqueIdentifier>{4FC737F1-C7A5-4376-A066-2A32D752A2FF}</UniqueIdentifier>
      <Extensions>cpp;c;cc;cxx;c++;cppm;ixx;def;odl;idl;hpj;bat;asm;asmx</Extensions>
    </Filter>
    <Filter Include="Header Files">
      <UniqueIdentifier>{93995380-89BD-4b04-88EB-625FBE52EBFB}</UniqueIdentifier>
      <Extensions>h;hh;hpp;hxx;h++;hm;inl;inc;ipp;xsd</Extensions>
    </Filter>
    <Filter Include="Resource Files">
      <UniqueIdentifier>{67DA6AB6-F800-4c08-8B7A-83BB121AAD01}</UniqueIdentifier>
      <Extensions>rc;ico;cur;bmp;dlg;rc2;rct;bin;rgs;gif;jpg;jpeg;jpe;resx;tiff;tif;png;wav;mfcribbon-ms</Extensions>
    </Filter>
    <Filter Include="Header Files\Commands.h">
      <UniqueIdentifier>{c7f95db2-dd75-48c0-9f22-c2a9c7d2cf17}</UniqueIdentifier>
    </Filter>
    <Filter Include="Source Files\Commands.cpp">
      <UniqueIdentifier>{08dfa1e4-99eb-459d-92da-5956f335027e}</UniqueIdentifier>
    </Filter>
    <Filter Include="Source Files\Lexer">
      <UniqueIdentifier>{c0f4af4c-316d-44d4-92e2-1b898c87c7a1}</UniqueIdentifier>
    </Filter>
    <Filter Include="Header Files\Lexer">
      <UniqueIdentifier>{e309828d-bd6b-4446-83a4-7d023b1db98e}</UniqueIdentifier>
    </Filter>
    <Filter Include="Header Files\cmdFactory">
      <UniqueIdentifier>{2232e520-069f-46f7-ba8e-b35a8cddf222}</UniqueIdentifier>
    </Filter>
    <Filter Include="Source Files\cmdFactory">
      <UniqueIdentifier>{87df542d-d416-4d33-a9c9-2c44fe4de966}</UniqueIdentifier>
    </Filter>
  </ItemGroup>
  <ItemGroup>
    <ClCompile Include="Echo.cpp">
      <Filter>Source Files\Commands.cpp</Filter>
    </ClCompile>
    <ClCompile Include="Command.cpp">
      <Filter>Source Files\Commands.cpp</Filter>
    </ClCompile>
    <ClCompile Include="cmdFactory.cpp">
      <Filter>Source Files\cmdFactory</Filter>
    </ClCompile>
    <ClCompile Include="Date.cpp">
      <Filter>Source Files\Commands.cpp</Filter>
    </ClCompile>
    <ClCompile Include="Time.cpp">
      <Filter>Source Files\Commands.cpp</Filter>
    </ClCompile>
    <ClCompile Include="Touch.cpp">
      <Filter>Source Files\Commands.cpp</Filter>
    </ClCompile>
    <ClCompile Include="wordCount.cpp">
      <Filter>Source Files\Commands.cpp</Filter>
    </ClCompile>
    <ClCompile Include="Lexer.cpp">
      <Filter>Source Files\Lexer</Filter>
    </ClCompile>
    <ClCompile Include="CommandLineInterpreter.cpp">
      <Filter>Source Files</Filter>
    </ClCompile>
    <ClCompile Include="main.cpp">
      <Filter>Source Files</Filter>
    </ClCompile>
  </ItemGroup>
  <ItemGroup>
    <ClInclude Include="Echo.h">
      <Filter>Header Files\Commands.h</Filter>
    </ClInclude>
    <ClInclude Include="Command.h">
      <Filter>Header Files\Commands.h</Filter>
    </ClInclude>
    <ClInclude Include="cmdFactory.h">
      <Filter>Header Files\cmdFactory</Filter>
    </ClInclude>
    <ClInclude Include="Date.h">
      <Filter>Header Files\Commands.h</Filter>
    </ClInclude>
    <ClInclude Include="Time.h">
      <Filter>Header Files\Commands.h</Filter>
    </ClInclude>
    <ClInclude Include="Touch.h">
      <Filter>Header Files\Commands.h</Filter>
    </ClInclude>
    <ClInclude Include="wordCount.h">
      <Filter>Header Files\Commands.h</Filter>
    </ClInclude>
    <ClInclude Include="Lexer.h">
      <Filter>Header Files\Lexer</Filter>
    </ClInclude>
    <ClInclude Include="CommandLineInterpreter.h">
      <Filter>Header Files</Filter>
    </ClInclude>
  </ItemGroup>
  <ItemGroup>
    <Text Include="..\..\..\..\Desktop\cmdTests.txt">
      <Filter>Resource Files</Filter>
    </Text>
  </ItemGroup>
</Project>